
Microsoft Visual Studio Solution File, Format Version 12.00
# Visual Studio 15
VisualStudioVersion = 15.0.28010.2036
MinimumVisualStudioVersion = 10.0.40219.1
Project("{FAE04EC0-301F-11D3-BF4B-00C04F79EFBC}") = "Selection Sort", "Selection Sort\Selection Sort.csproj", "{1CE478BC-1D88-4998-85D1-3FF89A9C31AF}"
EndProject
Global
	GlobalSection(SolutionConfigurationPlatforms) = preSolution
		Debug|Any CPU = Debug|Any CPU
		Release|Any CPU = Release|Any CPU
	EndGlobalSection
	GlobalSection(ProjectConfigurationPlatforms) = postSolution
		{1CE478BC-1D88-4998-85D1-3FF89A9C31AF}.Debug|Any CPU.ActiveCfg = Debug|Any CPU
		{1CE478BC-1D88-4998-85D1-3FF89A9C31AF}.Debug|Any CPU.Build.0 = Debug|Any CPU
		{1CE478BC-1D88-4998-85D1-3FF89A9C31AF}.Release|Any CPU.ActiveCfg = Release|Any CPU
		{1CE478BC-1D88-4998-85D1-3FF89A9C31AF}.Release|Any CPU.Build.0 = Release|Any CPU
	EndGlobalSection
	GlobalSection(SolutionProperties) = preSolution
		HideSolutionNode = FALSE
	EndGlobalSection
	GlobalSection(ExtensibilityGlobals) = postSolution
		SolutionGuid = {1C529DBD-E66B-4B44-9E61-DB7A265FA54E}
	EndGlobalSection
EndGlobal
