
Microsoft Visual Studio Solution File, Format Version 12.00
# Visual Studio 15
VisualStudioVersion = 15.0.28010.2036
MinimumVisualStudioVersion = 10.0.40219.1
Project("{FAE04EC0-301F-11D3-BF4B-00C04F79EFBC}") = "Bubble Sort Algorithm", "Bubble Sort Algorithm\Bubble Sort Algorithm.csproj", "{D37E9FEB-62DF-4578-8469-8B99051ED1AE}"
EndProject
Global
	GlobalSection(SolutionConfigurationPlatforms) = preSolution
		Debug|Any CPU = Debug|Any CPU
		Release|Any CPU = Release|Any CPU
	EndGlobalSection
	GlobalSection(ProjectConfigurationPlatforms) = postSolution
		{D37E9FEB-62DF-4578-8469-8B99051ED1AE}.Debug|Any CPU.ActiveCfg = Debug|Any CPU
		{D37E9FEB-62DF-4578-8469-8B99051ED1AE}.Debug|Any CPU.Build.0 = Debug|Any CPU
		{D37E9FEB-62DF-4578-8469-8B99051ED1AE}.Release|Any CPU.ActiveCfg = Release|Any CPU
		{D37E9FEB-62DF-4578-8469-8B99051ED1AE}.Release|Any CPU.Build.0 = Release|Any CPU
	EndGlobalSection
	GlobalSection(SolutionProperties) = preSolution
		HideSolutionNode = FALSE
	EndGlobalSection
	GlobalSection(ExtensibilityGlobals) = postSolution
		SolutionGuid = {7527156D-9A17-4F4D-BF4C-6AEFAD16E4FC}
	EndGlobalSection
EndGlobal
