
Microsoft Visual Studio Solution File, Format Version 12.00
# Visual Studio 15
VisualStudioVersion = 15.0.28010.2036
MinimumVisualStudioVersion = 10.0.40219.1
Project("{FAE04EC0-301F-11D3-BF4B-00C04F79EFBC}") = "Insertion Sort", "Insertion Sort\Insertion Sort.csproj", "{8E36C9C2-EDC9-406D-8B08-DC9D33C5A648}"
EndProject
Global
	GlobalSection(SolutionConfigurationPlatforms) = preSolution
		Debug|Any CPU = Debug|Any CPU
		Release|Any CPU = Release|Any CPU
	EndGlobalSection
	GlobalSection(ProjectConfigurationPlatforms) = postSolution
		{8E36C9C2-EDC9-406D-8B08-DC9D33C5A648}.Debug|Any CPU.ActiveCfg = Debug|Any CPU
		{8E36C9C2-EDC9-406D-8B08-DC9D33C5A648}.Debug|Any CPU.Build.0 = Debug|Any CPU
		{8E36C9C2-EDC9-406D-8B08-DC9D33C5A648}.Release|Any CPU.ActiveCfg = Release|Any CPU
		{8E36C9C2-EDC9-406D-8B08-DC9D33C5A648}.Release|Any CPU.Build.0 = Release|Any CPU
	EndGlobalSection
	GlobalSection(SolutionProperties) = preSolution
		HideSolutionNode = FALSE
	EndGlobalSection
	GlobalSection(ExtensibilityGlobals) = postSolution
		SolutionGuid = {B1578B53-5376-48E8-9F3E-170AA69E95B5}
	EndGlobalSection
EndGlobal
